
Microsoft Visual Studio Solution File, Format Version 12.00
# Visual Studio 15
VisualStudioVersion = 15.0.28010.2003
MinimumVisualStudioVersion = 10.0.40219.1
Project("{2150E333-8FDC-42A3-9474-1A3956D46DE8}") = "src", "src", "{249F810B-7B75-4C0F-B56C-EAF4144F470E}"
EndProject
Project("{9A19103F-16F7-4668-BE54-9A1E7A4F7556}") = "Fluent", "src\Fluent\Fluent.csproj", "{9B7B8A47-6C0B-40DD-BD2D-DA8F369A6606}"
EndProject
Project("{2150E333-8FDC-42A3-9474-1A3956D46DE8}") = "demo", "demo", "{DBCF345A-1882-49AF-B320-C7C50CBECDEC}"
EndProject
Project("{FAE04EC0-301F-11D3-BF4B-00C04F79EFBC}") = "FluentDemo.Android", "demo\FluentDemo\FluentDemo.Android\FluentDemo.Android.csproj", "{5362C08C-C755-46F5-9389-573A14AE2089}"
EndProject
Project("{FAE04EC0-301F-11D3-BF4B-00C04F79EFBC}") = "FluentDemo.iOS", "demo\FluentDemo\FluentDemo.iOS\FluentDemo.iOS.csproj", "{CAE88B37-C910-424E-8743-AF811FA395E8}"
EndProject
Project("{FAE04EC0-301F-11D3-BF4B-00C04F79EFBC}") = "FluentDemo.UWP", "demo\FluentDemo\FluentDemo.UWP\FluentDemo.UWP.csproj", "{4A460537-DBEF-4744-9510-9D43FFF454FE}"
EndProject
Project("{FAE04EC0-301F-11D3-BF4B-00C04F79EFBC}") = "FluentDemo", "demo\FluentDemo\FluentDemo\FluentDemo.csproj", "{A3BA9044-7E52-428D-83AC-EED6576E99DE}"
EndProject
Project("{2150E333-8FDC-42A3-9474-1A3956D46DE8}") = "nuget", "nuget", "{1C0DDB36-2096-404C-8D31-583A28CA3738}"
EndProject
Project("{2150E333-8FDC-42A3-9474-1A3956D46DE8}") = "Solution Items", "Solution Items", "{760A4876-601E-46D0-8AC2-28FDEFF966B6}"
	ProjectSection(SolutionItems) = preProject
		README.md = README.md
	EndProjectSection
EndProject
Global
	GlobalSection(SolutionConfigurationPlatforms) = preSolution
		Ad-Hoc|Any CPU = Ad-Hoc|Any CPU
		Ad-Hoc|ARM = Ad-Hoc|ARM
		Ad-Hoc|iPhone = Ad-Hoc|iPhone
		Ad-Hoc|iPhoneSimulator = Ad-Hoc|iPhoneSimulator
		Ad-Hoc|x64 = Ad-Hoc|x64
		Ad-Hoc|x86 = Ad-Hoc|x86
		AppStore|Any CPU = AppStore|Any CPU
		AppStore|ARM = AppStore|ARM
		AppStore|iPhone = AppStore|iPhone
		AppStore|iPhoneSimulator = AppStore|iPhoneSimulator
		AppStore|x64 = AppStore|x64
		AppStore|x86 = AppStore|x86
		Debug|Any CPU = Debug|Any CPU
		Debug|ARM = Debug|ARM
		Debug|iPhone = Debug|iPhone
		Debug|iPhoneSimulator = Debug|iPhoneSimulator
		Debug|x64 = Debug|x64
		Debug|x86 = Debug|x86
		Release|Any CPU = Release|Any CPU
		Release|ARM = Release|ARM
		Release|iPhone = Release|iPhone
		Release|iPhoneSimulator = Release|iPhoneSimulator
		Release|x64 = Release|x64
		Release|x86 = Release|x86
	EndGlobalSection
	GlobalSection(ProjectConfigurationPlatforms) = postSolution
		{9B7B8A47-6C0B-40DD-BD2D-DA8F369A6606}.Ad-Hoc|Any CPU.ActiveCfg = Debug|Any CPU
		{9B7B8A47-6C0B-40DD-BD2D-DA8F369A6606}.Ad-Hoc|Any CPU.Build.0 = Debug|Any CPU
		{9B7B8A47-6C0B-40DD-BD2D-DA8F369A6606}.Ad-Hoc|ARM.ActiveCfg = Debug|Any CPU
		{9B7B8A47-6C0B-40DD-BD2D-DA8F369A6606}.Ad-Hoc|ARM.Build.0 = Debug|Any CPU
		{9B7B8A47-6C0B-40DD-BD2D-DA8F369A6606}.Ad-Hoc|iPhone.ActiveCfg = Debug|Any CPU
		{9B7B8A47-6C0B-40DD-BD2D-DA8F369A6606}.Ad-Hoc|iPhone.Build.0 = Debug|Any CPU
		{9B7B8A47-6C0B-40DD-BD2D-DA8F369A6606}.Ad-Hoc|iPhoneSimulator.ActiveCfg = Debug|Any CPU
		{9B7B8A47-6C0B-40DD-BD2D-DA8F369A6606}.Ad-Hoc|iPhoneSimulator.Build.0 = Debug|Any CPU
		{9B7B8A47-6C0B-40DD-BD2D-DA8F369A6606}.Ad-Hoc|x64.ActiveCfg = Debug|Any CPU
		{9B7B8A47-6C0B-40DD-BD2D-DA8F369A6606}.Ad-Hoc|x64.Build.0 = Debug|Any CPU
		{9B7B8A47-6C0B-40DD-BD2D-DA8F369A6606}.Ad-Hoc|x86.ActiveCfg = Debug|Any CPU
		{9B7B8A47-6C0B-40DD-BD2D-DA8F369A6606}.Ad-Hoc|x86.Build.0 = Debug|Any CPU
		{9B7B8A47-6C0B-40DD-BD2D-DA8F369A6606}.AppStore|Any CPU.ActiveCfg = Debug|Any CPU
		{9B7B8A47-6C0B-40DD-BD2D-DA8F369A6606}.AppStore|Any CPU.Build.0 = Debug|Any CPU
		{9B7B8A47-6C0B-40DD-BD2D-DA8F369A6606}.AppStore|ARM.ActiveCfg = Debug|Any CPU
		{9B7B8A47-6C0B-40DD-BD2D-DA8F369A6606}.AppStore|ARM.Build.0 = Debug|Any CPU
		{9B7B8A47-6C0B-40DD-BD2D-DA8F369A6606}.AppStore|iPhone.ActiveCfg = Debug|Any CPU
		{9B7B8A47-6C0B-40DD-BD2D-DA8F369A6606}.AppStore|iPhone.Build.0 = Debug|Any CPU
		{9B7B8A47-6C0B-40DD-BD2D-DA8F369A6606}.AppStore|iPhoneSimulator.ActiveCfg = Debug|Any CPU
		{9B7B8A47-6C0B-40DD-BD2D-DA8F369A6606}.AppStore|iPhoneSimulator.Build.0 = Debug|Any CPU
		{9B7B8A47-6C0B-40DD-BD2D-DA8F369A6606}.AppStore|x64.ActiveCfg = Debug|Any CPU
		{9B7B8A47-6C0B-40DD-BD2D-DA8F369A6606}.AppStore|x64.Build.0 = Debug|Any CPU
		{9B7B8A47-6C0B-40DD-BD2D-DA8F369A6606}.AppStore|x86.ActiveCfg = Debug|Any CPU
		{9B7B8A47-6C0B-40DD-BD2D-DA8F369A6606}.AppStore|x86.Build.0 = Debug|Any CPU
		{9B7B8A47-6C0B-40DD-BD2D-DA8F369A6606}.Debug|Any CPU.ActiveCfg = Debug|Any CPU
		{9B7B8A47-6C0B-40DD-BD2D-DA8F369A6606}.Debug|Any CPU.Build.0 = Debug|Any CPU
		{9B7B8A47-6C0B-40DD-BD2D-DA8F369A6606}.Debug|ARM.ActiveCfg = Debug|Any CPU
		{9B7B8A47-6C0B-40DD-BD2D-DA8F369A6606}.Debug|ARM.Build.0 = Debug|Any CPU
		{9B7B8A47-6C0B-40DD-BD2D-DA8F369A6606}.Debug|iPhone.ActiveCfg = Debug|Any CPU
		{9B7B8A47-6C0B-40DD-BD2D-DA8F369A6606}.Debug|iPhone.Build.0 = Debug|Any CPU
		{9B7B8A47-6C0B-40DD-BD2D-DA8F369A6606}.Debug|iPhoneSimulator.ActiveCfg = Debug|Any CPU
		{9B7B8A47-6C0B-40DD-BD2D-DA8F369A6606}.Debug|iPhoneSimulator.Build.0 = Debug|Any CPU
		{9B7B8A47-6C0B-40DD-BD2D-DA8F369A6606}.Debug|x64.ActiveCfg = Debug|Any CPU
		{9B7B8A47-6C0B-40DD-BD2D-DA8F369A6606}.Debug|x64.Build.0 = Debug|Any CPU
		{9B7B8A47-6C0B-40DD-BD2D-DA8F369A6606}.Debug|x86.ActiveCfg = Debug|Any CPU
		{9B7B8A47-6C0B-40DD-BD2D-DA8F369A6606}.Debug|x86.Build.0 = Debug|Any CPU
		{9B7B8A47-6C0B-40DD-BD2D-DA8F369A6606}.Release|Any CPU.ActiveCfg = Release|Any CPU
		{9B7B8A47-6C0B-40DD-BD2D-DA8F369A6606}.Release|Any CPU.Build.0 = Release|Any CPU
		{9B7B8A47-6C0B-40DD-BD2D-DA8F369A6606}.Release|ARM.ActiveCfg = Release|Any CPU
		{9B7B8A47-6C0B-40DD-BD2D-DA8F369A6606}.Release|ARM.Build.0 = Release|Any CPU
		{9B7B8A47-6C0B-40DD-BD2D-DA8F369A6606}.Release|iPhone.ActiveCfg = Release|Any CPU
		{9B7B8A47-6C0B-40DD-BD2D-DA8F369A6606}.Release|iPhone.Build.0 = Release|Any CPU
		{9B7B8A47-6C0B-40DD-BD2D-DA8F369A6606}.Release|iPhoneSimulator.ActiveCfg = Release|Any CPU
		{9B7B8A47-6C0B-40DD-BD2D-DA8F369A6606}.Release|iPhoneSimulator.Build.0 = Release|Any CPU
		{9B7B8A47-6C0B-40DD-BD2D-DA8F369A6606}.Release|x64.ActiveCfg = Release|Any CPU
		{9B7B8A47-6C0B-40DD-BD2D-DA8F369A6606}.Release|x64.Build.0 = Release|Any CPU
		{9B7B8A47-6C0B-40DD-BD2D-DA8F369A6606}.Release|x86.ActiveCfg = Release|Any CPU
		{9B7B8A47-6C0B-40DD-BD2D-DA8F369A6606}.Release|x86.Build.0 = Release|Any CPU
		{5362C08C-C755-46F5-9389-573A14AE2089}.Ad-Hoc|Any CPU.ActiveCfg = Release|Any CPU
		{5362C08C-C755-46F5-9389-573A14AE2089}.Ad-Hoc|Any CPU.Build.0 = Release|Any CPU
		{5362C08C-C755-46F5-9389-573A14AE2089}.Ad-Hoc|Any CPU.Deploy.0 = Release|Any CPU
		{5362C08C-C755-46F5-9389-573A14AE2089}.Ad-Hoc|ARM.ActiveCfg = Release|Any CPU
		{5362C08C-C755-46F5-9389-573A14AE2089}.Ad-Hoc|ARM.Build.0 = Release|Any CPU
		{5362C08C-C755-46F5-9389-573A14AE2089}.Ad-Hoc|ARM.Deploy.0 = Release|Any CPU
		{5362C08C-C755-46F5-9389-573A14AE2089}.Ad-Hoc|iPhone.ActiveCfg = Release|Any CPU
		{5362C08C-C755-46F5-9389-573A14AE2089}.Ad-Hoc|iPhone.Build.0 = Release|Any CPU
		{5362C08C-C755-46F5-9389-573A14AE2089}.Ad-Hoc|iPhone.Deploy.0 = Release|Any CPU
		{5362C08C-C755-46F5-9389-573A14AE2089}.Ad-Hoc|iPhoneSimulator.ActiveCfg = Release|Any CPU
		{5362C08C-C755-46F5-9389-573A14AE2089}.Ad-Hoc|iPhoneSimulator.Build.0 = Release|Any CPU
		{5362C08C-C755-46F5-9389-573A14AE2089}.Ad-Hoc|iPhoneSimulator.Deploy.0 = Release|Any CPU
		{5362C08C-C755-46F5-9389-573A14AE2089}.Ad-Hoc|x64.ActiveCfg = Release|Any CPU
		{5362C08C-C755-46F5-9389-573A14AE2089}.Ad-Hoc|x64.Build.0 = Release|Any CPU
		{5362C08C-C755-46F5-9389-573A14AE2089}.Ad-Hoc|x64.Deploy.0 = Release|Any CPU
		{5362C08C-C755-46F5-9389-573A14AE2089}.Ad-Hoc|x86.ActiveCfg = Release|Any CPU
		{5362C08C-C755-46F5-9389-573A14AE2089}.Ad-Hoc|x86.Build.0 = Release|Any CPU
		{5362C08C-C755-46F5-9389-573A14AE2089}.Ad-Hoc|x86.Deploy.0 = Release|Any CPU
		{5362C08C-C755-46F5-9389-573A14AE2089}.AppStore|Any CPU.ActiveCfg = Release|Any CPU
		{5362C08C-C755-46F5-9389-573A14AE2089}.AppStore|Any CPU.Build.0 = Release|Any CPU
		{5362C08C-C755-46F5-9389-573A14AE2089}.AppStore|Any CPU.Deploy.0 = Release|Any CPU
		{5362C08C-C755-46F5-9389-573A14AE2089}.AppStore|ARM.ActiveCfg = Release|Any CPU
		{5362C08C-C755-46F5-9389-573A14AE2089}.AppStore|ARM.Build.0 = Release|Any CPU
		{5362C08C-C755-46F5-9389-573A14AE2089}.AppStore|ARM.Deploy.0 = Release|Any CPU
		{5362C08C-C755-46F5-9389-573A14AE2089}.AppStore|iPhone.ActiveCfg = Release|Any CPU
		{5362C08C-C755-46F5-9389-573A14AE2089}.AppStore|iPhone.Build.0 = Release|Any CPU
		{5362C08C-C755-46F5-9389-573A14AE2089}.AppStore|iPhone.Deploy.0 = Release|Any CPU
		{5362C08C-C755-46F5-9389-573A14AE2089}.AppStore|iPhoneSimulator.ActiveCfg = Release|Any CPU
		{5362C08C-C755-46F5-9389-573A14AE2089}.AppStore|iPhoneSimulator.Build.0 = Release|Any CPU
		{5362C08C-C755-46F5-9389-573A14AE2089}.AppStore|iPhoneSimulator.Deploy.0 = Release|Any CPU
		{5362C08C-C755-46F5-9389-573A14AE2089}.AppStore|x64.ActiveCfg = Release|Any CPU
		{5362C08C-C755-46F5-9389-573A14AE2089}.AppStore|x64.Build.0 = Release|Any CPU
		{5362C08C-C755-46F5-9389-573A14AE2089}.AppStore|x64.Deploy.0 = Release|Any CPU
		{5362C08C-C755-46F5-9389-573A14AE2089}.AppStore|x86.ActiveCfg = Release|Any CPU
		{5362C08C-C755-46F5-9389-573A14AE2089}.AppStore|x86.Build.0 = Release|Any CPU
		{5362C08C-C755-46F5-9389-573A14AE2089}.AppStore|x86.Deploy.0 = Release|Any CPU
		{5362C08C-C755-46F5-9389-573A14AE2089}.Debug|Any CPU.ActiveCfg = Debug|Any CPU
		{5362C08C-C755-46F5-9389-573A14AE2089}.Debug|Any CPU.Build.0 = Debug|Any CPU
		{5362C08C-C755-46F5-9389-573A14AE2089}.Debug|Any CPU.Deploy.0 = Debug|Any CPU
		{5362C08C-C755-46F5-9389-573A14AE2089}.Debug|ARM.ActiveCfg = Debug|Any CPU
		{5362C08C-C755-46F5-9389-573A14AE2089}.Debug|ARM.Build.0 = Debug|Any CPU
		{5362C08C-C755-46F5-9389-573A14AE2089}.Debug|ARM.Deploy.0 = Debug|Any CPU
		{5362C08C-C755-46F5-9389-573A14AE2089}.Debug|iPhone.ActiveCfg = Debug|Any CPU
		{5362C08C-C755-46F5-9389-573A14AE2089}.Debug|iPhone.Build.0 = Debug|Any CPU
		{5362C08C-C755-46F5-9389-573A14AE2089}.Debug|iPhone.Deploy.0 = Debug|Any CPU
		{5362C08C-C755-46F5-9389-573A14AE2089}.Debug|iPhoneSimulator.ActiveCfg = Debug|Any CPU
		{5362C08C-C755-46F5-9389-573A14AE2089}.Debug|iPhoneSimulator.Build.0 = Debug|Any CPU
		{5362C08C-C755-46F5-9389-573A14AE2089}.Debug|iPhoneSimulator.Deploy.0 = Debug|Any CPU
		{5362C08C-C755-46F5-9389-573A14AE2089}.Debug|x64.ActiveCfg = Debug|Any CPU
		{5362C08C-C755-46F5-9389-573A14AE2089}.Debug|x64.Build.0 = Debug|Any CPU
		{5362C08C-C755-46F5-9389-573A14AE2089}.Debug|x64.Deploy.0 = Debug|Any CPU
		{5362C08C-C755-46F5-9389-573A14AE2089}.Debug|x86.ActiveCfg = Debug|Any CPU
		{5362C08C-C755-46F5-9389-573A14AE2089}.Debug|x86.Build.0 = Debug|Any CPU
		{5362C08C-C755-46F5-9389-573A14AE2089}.Debug|x86.Deploy.0 = Debug|Any CPU
		{5362C08C-C755-46F5-9389-573A14AE2089}.Release|Any CPU.ActiveCfg = Release|Any CPU
		{5362C08C-C755-46F5-9389-573A14AE2089}.Release|Any CPU.Build.0 = Release|Any CPU
		{5362C08C-C755-46F5-9389-573A14AE2089}.Release|Any CPU.Deploy.0 = Release|Any CPU
		{5362C08C-C755-46F5-9389-573A14AE2089}.Release|ARM.ActiveCfg = Release|Any CPU
		{5362C08C-C755-46F5-9389-573A14AE2089}.Release|ARM.Build.0 = Release|Any CPU
		{5362C08C-C755-46F5-9389-573A14AE2089}.Release|ARM.Deploy.0 = Release|Any CPU
		{5362C08C-C755-46F5-9389-573A14AE2089}.Release|iPhone.ActiveCfg = Release|Any CPU
		{5362C08C-C755-46F5-9389-573A14AE2089}.Release|iPhone.Build.0 = Release|Any CPU
		{5362C08C-C755-46F5-9389-573A14AE2089}.Release|iPhone.Deploy.0 = Release|Any CPU
		{5362C08C-C755-46F5-9389-573A14AE2089}.Release|iPhoneSimulator.ActiveCfg = Release|Any CPU
		{5362C08C-C755-46F5-9389-573A14AE2089}.Release|iPhoneSimulator.Build.0 = Release|Any CPU
		{5362C08C-C755-46F5-9389-573A14AE2089}.Release|iPhoneSimulator.Deploy.0 = Release|Any CPU
		{5362C08C-C755-46F5-9389-573A14AE2089}.Release|x64.ActiveCfg = Release|Any CPU
		{5362C08C-C755-46F5-9389-573A14AE2089}.Release|x64.Build.0 = Release|Any CPU
		{5362C08C-C755-46F5-9389-573A14AE2089}.Release|x64.Deploy.0 = Release|Any CPU
		{5362C08C-C755-46F5-9389-573A14AE2089}.Release|x86.ActiveCfg = Release|Any CPU
		{5362C08C-C755-46F5-9389-573A14AE2089}.Release|x86.Build.0 = Release|Any CPU
		{5362C08C-C755-46F5-9389-573A14AE2089}.Release|x86.Deploy.0 = Release|Any CPU
		{CAE88B37-C910-424E-8743-AF811FA395E8}.Ad-Hoc|Any CPU.ActiveCfg = Ad-Hoc|iPhone
		{CAE88B37-C910-424E-8743-AF811FA395E8}.Ad-Hoc|ARM.ActiveCfg = Ad-Hoc|iPhone
		{CAE88B37-C910-424E-8743-AF811FA395E8}.Ad-Hoc|iPhone.ActiveCfg = Ad-Hoc|iPhone
		{CAE88B37-C910-424E-8743-AF811FA395E8}.Ad-Hoc|iPhone.Build.0 = Ad-Hoc|iPhone
		{CAE88B37-C910-424E-8743-AF811FA395E8}.Ad-Hoc|iPhoneSimulator.ActiveCfg = Ad-Hoc|iPhoneSimulator
		{CAE88B37-C910-424E-8743-AF811FA395E8}.Ad-Hoc|iPhoneSimulator.Build.0 = Ad-Hoc|iPhoneSimulator
		{CAE88B37-C910-424E-8743-AF811FA395E8}.Ad-Hoc|x64.ActiveCfg = Ad-Hoc|iPhone
		{CAE88B37-C910-424E-8743-AF811FA395E8}.Ad-Hoc|x86.ActiveCfg = Ad-Hoc|iPhone
		{CAE88B37-C910-424E-8743-AF811FA395E8}.AppStore|Any CPU.ActiveCfg = AppStore|iPhone
		{CAE88B37-C910-424E-8743-AF811FA395E8}.AppStore|ARM.ActiveCfg = AppStore|iPhone
		{CAE88B37-C910-424E-8743-AF811FA395E8}.AppStore|iPhone.ActiveCfg = AppStore|iPhone
		{CAE88B37-C910-424E-8743-AF811FA395E8}.AppStore|iPhone.Build.0 = AppStore|iPhone
		{CAE88B37-C910-424E-8743-AF811FA395E8}.AppStore|iPhoneSimulator.ActiveCfg = AppStore|iPhoneSimulator
		{CAE88B37-C910-424E-8743-AF811FA395E8}.AppStore|iPhoneSimulator.Build.0 = AppStore|iPhoneSimulator
		{CAE88B37-C910-424E-8743-AF811FA395E8}.AppStore|x64.ActiveCfg = AppStore|iPhone
		{CAE88B37-C910-424E-8743-AF811FA395E8}.AppStore|x86.ActiveCfg = AppStore|iPhone
		{CAE88B37-C910-424E-8743-AF811FA395E8}.Debug|Any CPU.ActiveCfg = Debug|iPhone
		{CAE88B37-C910-424E-8743-AF811FA395E8}.Debug|ARM.ActiveCfg = Debug|iPhone
		{CAE88B37-C910-424E-8743-AF811FA395E8}.Debug|iPhone.ActiveCfg = Debug|iPhone
		{CAE88B37-C910-424E-8743-AF811FA395E8}.Debug|iPhone.Build.0 = Debug|iPhone
		{CAE88B37-C910-424E-8743-AF811FA395E8}.Debug|iPhoneSimulator.ActiveCfg = Debug|iPhoneSimulator
		{CAE88B37-C910-424E-8743-AF811FA395E8}.Debug|iPhoneSimulator.Build.0 = Debug|iPhoneSimulator
		{CAE88B37-C910-424E-8743-AF811FA395E8}.Debug|x64.ActiveCfg = Debug|iPhone
		{CAE88B37-C910-424E-8743-AF811FA395E8}.Debug|x86.ActiveCfg = Debug|iPhone
		{CAE88B37-C910-424E-8743-AF811FA395E8}.Release|Any CPU.ActiveCfg = Release|iPhone
		{CAE88B37-C910-424E-8743-AF811FA395E8}.Release|ARM.ActiveCfg = Release|iPhone
		{CAE88B37-C910-424E-8743-AF811FA395E8}.Release|iPhone.ActiveCfg = Release|iPhone
		{CAE88B37-C910-424E-8743-AF811FA395E8}.Release|iPhone.Build.0 = Release|iPhone
		{CAE88B37-C910-424E-8743-AF811FA395E8}.Release|iPhoneSimulator.ActiveCfg = Release|iPhoneSimulator
		{CAE88B37-C910-424E-8743-AF811FA395E8}.Release|iPhoneSimulator.Build.0 = Release|iPhoneSimulator
		{CAE88B37-C910-424E-8743-AF811FA395E8}.Release|x64.ActiveCfg = Release|iPhone
		{CAE88B37-C910-424E-8743-AF811FA395E8}.Release|x86.ActiveCfg = Release|iPhone
		{4A460537-DBEF-4744-9510-9D43FFF454FE}.Ad-Hoc|Any CPU.ActiveCfg = Release|x86
		{4A460537-DBEF-4744-9510-9D43FFF454FE}.Ad-Hoc|Any CPU.Build.0 = Release|x86
		{4A460537-DBEF-4744-9510-9D43FFF454FE}.Ad-Hoc|Any CPU.Deploy.0 = Release|x86
		{4A460537-DBEF-4744-9510-9D43FFF454FE}.Ad-Hoc|ARM.ActiveCfg = Release|ARM
		{4A460537-DBEF-4744-9510-9D43FFF454FE}.Ad-Hoc|ARM.Build.0 = Release|ARM
		{4A460537-DBEF-4744-9510-9D43FFF454FE}.Ad-Hoc|ARM.Deploy.0 = Release|ARM
		{4A460537-DBEF-4744-9510-9D43FFF454FE}.Ad-Hoc|iPhone.ActiveCfg = Release|x86
		{4A460537-DBEF-4744-9510-9D43FFF454FE}.Ad-Hoc|iPhone.Build.0 = Release|x86
		{4A460537-DBEF-4744-9510-9D43FFF454FE}.Ad-Hoc|iPhone.Deploy.0 = Release|x86
		{4A460537-DBEF-4744-9510-9D43FFF454FE}.Ad-Hoc|iPhoneSimulator.ActiveCfg = Release|x86
		{4A460537-DBEF-4744-9510-9D43FFF454FE}.Ad-Hoc|iPhoneSimulator.Build.0 = Release|x86
		{4A460537-DBEF-4744-9510-9D43FFF454FE}.Ad-Hoc|iPhoneSimulator.Deploy.0 = Release|x86
		{4A460537-DBEF-4744-9510-9D43FFF454FE}.Ad-Hoc|x64.ActiveCfg = Release|x64
		{4A460537-DBEF-4744-9510-9D43FFF454FE}.Ad-Hoc|x64.Build.0 = Release|x64
		{4A460537-DBEF-4744-9510-9D43FFF454FE}.Ad-Hoc|x64.Deploy.0 = Release|x64
		{4A460537-DBEF-4744-9510-9D43FFF454FE}.Ad-Hoc|x86.ActiveCfg = Release|x86
		{4A460537-DBEF-4744-9510-9D43FFF454FE}.Ad-Hoc|x86.Build.0 = Release|x86
		{4A460537-DBEF-4744-9510-9D43FFF454FE}.Ad-Hoc|x86.Deploy.0 = Release|x86
		{4A460537-DBEF-4744-9510-9D43FFF454FE}.AppStore|Any CPU.ActiveCfg = Release|x86
		{4A460537-DBEF-4744-9510-9D43FFF454FE}.AppStore|Any CPU.Build.0 = Release|x86
		{4A460537-DBEF-4744-9510-9D43FFF454FE}.AppStore|Any CPU.Deploy.0 = Release|x86
		{4A460537-DBEF-4744-9510-9D43FFF454FE}.AppStore|ARM.ActiveCfg = Release|ARM
		{4A460537-DBEF-4744-9510-9D43FFF454FE}.AppStore|ARM.Build.0 = Release|ARM
		{4A460537-DBEF-4744-9510-9D43FFF454FE}.AppStore|ARM.Deploy.0 = Release|ARM
		{4A460537-DBEF-4744-9510-9D43FFF454FE}.AppStore|iPhone.ActiveCfg = Release|x86
		{4A460537-DBEF-4744-9510-9D43FFF454FE}.AppStore|iPhone.Build.0 = Release|x86
		{4A460537-DBEF-4744-9510-9D43FFF454FE}.AppStore|iPhone.Deploy.0 = Release|x86
		{4A460537-DBEF-4744-9510-9D43FFF454FE}.AppStore|iPhoneSimulator.ActiveCfg = Release|x86
		{4A460537-DBEF-4744-9510-9D43FFF454FE}.AppStore|iPhoneSimulator.Build.0 = Release|x86
		{4A460537-DBEF-4744-9510-9D43FFF454FE}.AppStore|iPhoneSimulator.Deploy.0 = Release|x86
		{4A460537-DBEF-4744-9510-9D43FFF454FE}.AppStore|x64.ActiveCfg = Release|x64
		{4A460537-DBEF-4744-9510-9D43FFF454FE}.AppStore|x64.Build.0 = Release|x64
		{4A460537-DBEF-4744-9510-9D43FFF454FE}.AppStore|x64.Deploy.0 = Release|x64
		{4A460537-DBEF-4744-9510-9D43FFF454FE}.AppStore|x86.ActiveCfg = Release|x86
		{4A460537-DBEF-4744-9510-9D43FFF454FE}.AppStore|x86.Build.0 = Release|x86
		{4A460537-DBEF-4744-9510-9D43FFF454FE}.AppStore|x86.Deploy.0 = Release|x86
		{4A460537-DBEF-4744-9510-9D43FFF454FE}.Debug|Any CPU.ActiveCfg = Debug|x86
		{4A460537-DBEF-4744-9510-9D43FFF454FE}.Debug|ARM.ActiveCfg = Debug|ARM
		{4A460537-DBEF-4744-9510-9D43FFF454FE}.Debug|ARM.Build.0 = Debug|ARM
		{4A460537-DBEF-4744-9510-9D43FFF454FE}.Debug|ARM.Deploy.0 = Debug|ARM
		{4A460537-DBEF-4744-9510-9D43FFF454FE}.Debug|iPhone.ActiveCfg = Debug|x86
		{4A460537-DBEF-4744-9510-9D43FFF454FE}.Debug|iPhoneSimulator.ActiveCfg = Debug|x86
		{4A460537-DBEF-4744-9510-9D43FFF454FE}.Debug|x64.ActiveCfg = Debug|x64
		{4A460537-DBEF-4744-9510-9D43FFF454FE}.Debug|x64.Build.0 = Debug|x64
		{4A460537-DBEF-4744-9510-9D43FFF454FE}.Debug|x64.Deploy.0 = Debug|x64
		{4A460537-DBEF-4744-9510-9D43FFF454FE}.Debug|x86.ActiveCfg = Debug|x86
		{4A460537-DBEF-4744-9510-9D43FFF454FE}.Debug|x86.Build.0 = Debug|x86
		{4A460537-DBEF-4744-9510-9D43FFF454FE}.Debug|x86.Deploy.0 = Debug|x86
		{4A460537-DBEF-4744-9510-9D43FFF454FE}.Release|Any CPU.ActiveCfg = Release|x86
		{4A460537-DBEF-4744-9510-9D43FFF454FE}.Release|ARM.ActiveCfg = Release|ARM
		{4A460537-DBEF-4744-9510-9D43FFF454FE}.Release|ARM.Build.0 = Release|ARM
		{4A460537-DBEF-4744-9510-9D43FFF454FE}.Release|ARM.Deploy.0 = Release|ARM
		{4A460537-DBEF-4744-9510-9D43FFF454FE}.Release|iPhone.ActiveCfg = Release|x86
		{4A460537-DBEF-4744-9510-9D43FFF454FE}.Release|iPhoneSimulator.ActiveCfg = Release|x86
		{4A460537-DBEF-4744-9510-9D43FFF454FE}.Release|x64.ActiveCfg = Release|x64
		{4A460537-DBEF-4744-9510-9D43FFF454FE}.Release|x64.Build.0 = Release|x64
		{4A460537-DBEF-4744-9510-9D43FFF454FE}.Release|x64.Deploy.0 = Release|x64
		{4A460537-DBEF-4744-9510-9D43FFF454FE}.Release|x86.ActiveCfg = Release|x86
		{4A460537-DBEF-4744-9510-9D43FFF454FE}.Release|x86.Build.0 = Release|x86
		{4A460537-DBEF-4744-9510-9D43FFF454FE}.Release|x86.Deploy.0 = Release|x86
		{A3BA9044-7E52-428D-83AC-EED6576E99DE}.Ad-Hoc|Any CPU.ActiveCfg = Debug|Any CPU
		{A3BA9044-7E52-428D-83AC-EED6576E99DE}.Ad-Hoc|Any CPU.Build.0 = Debug|Any CPU
		{A3BA9044-7E52-428D-83AC-EED6576E99DE}.Ad-Hoc|ARM.ActiveCfg = Debug|Any CPU
		{A3BA9044-7E52-428D-83AC-EED6576E99DE}.Ad-Hoc|ARM.Build.0 = Debug|Any CPU
		{A3BA9044-7E52-428D-83AC-EED6576E99DE}.Ad-Hoc|iPhone.ActiveCfg = Debug|Any CPU
		{A3BA9044-7E52-428D-83AC-EED6576E99DE}.Ad-Hoc|iPhone.Build.0 = Debug|Any CPU
		{A3BA9044-7E52-428D-83AC-EED6576E99DE}.Ad-Hoc|iPhoneSimulator.ActiveCfg = Debug|Any CPU
		{A3BA9044-7E52-428D-83AC-EED6576E99DE}.Ad-Hoc|iPhoneSimulator.Build.0 = Debug|Any CPU
		{A3BA9044-7E52-428D-83AC-EED6576E99DE}.Ad-Hoc|x64.ActiveCfg = Debug|Any CPU
		{A3BA9044-7E52-428D-83AC-EED6576E99DE}.Ad-Hoc|x64.Build.0 = Debug|Any CPU
		{A3BA9044-7E52-428D-83AC-EED6576E99DE}.Ad-Hoc|x86.ActiveCfg = Debug|Any CPU
		{A3BA9044-7E52-428D-83AC-EED6576E99DE}.Ad-Hoc|x86.Build.0 = Debug|Any CPU
		{A3BA9044-7E52-428D-83AC-EED6576E99DE}.AppStore|Any CPU.ActiveCfg = Debug|Any CPU
		{A3BA9044-7E52-428D-83AC-EED6576E99DE}.AppStore|Any CPU.Build.0 = Debug|Any CPU
		{A3BA9044-7E52-428D-83AC-EED6576E99DE}.AppStore|ARM.ActiveCfg = Debug|Any CPU
		{A3BA9044-7E52-428D-83AC-EED6576E99DE}.AppStore|ARM.Build.0 = Debug|Any CPU
		{A3BA9044-7E52-428D-83AC-EED6576E99DE}.AppStore|iPhone.ActiveCfg = Debug|Any CPU
		{A3BA9044-7E52-428D-83AC-EED6576E99DE}.AppStore|iPhone.Build.0 = Debug|Any CPU
		{A3BA9044-7E52-428D-83AC-EED6576E99DE}.AppStore|iPhoneSimulator.ActiveCfg = Debug|Any CPU
		{A3BA9044-7E52-428D-83AC-EED6576E99DE}.AppStore|iPhoneSimulator.Build.0 = Debug|Any CPU
		{A3BA9044-7E52-428D-83AC-EED6576E99DE}.AppStore|x64.ActiveCfg = Debug|Any CPU
		{A3BA9044-7E52-428D-83AC-EED6576E99DE}.AppStore|x64.Build.0 = Debug|Any CPU
		{A3BA9044-7E52-428D-83AC-EED6576E99DE}.AppStore|x86.ActiveCfg = Debug|Any CPU
		{A3BA9044-7E52-428D-83AC-EED6576E99DE}.AppStore|x86.Build.0 = Debug|Any CPU
		{A3BA9044-7E52-428D-83AC-EED6576E99DE}.Debug|Any CPU.ActiveCfg = Debug|Any CPU
		{A3BA9044-7E52-428D-83AC-EED6576E99DE}.Debug|Any CPU.Build.0 = Debug|Any CPU
		{A3BA9044-7E52-428D-83AC-EED6576E99DE}.Debug|ARM.ActiveCfg = Debug|Any CPU
		{A3BA9044-7E52-428D-83AC-EED6576E99DE}.Debug|ARM.Build.0 = Debug|Any CPU
		{A3BA9044-7E52-428D-83AC-EED6576E99DE}.Debug|iPhone.ActiveCfg = Debug|Any CPU
		{A3BA9044-7E52-428D-83AC-EED6576E99DE}.Debug|iPhone.Build.0 = Debug|Any CPU
		{A3BA9044-7E52-428D-83AC-EED6576E99DE}.Debug|iPhoneSimulator.ActiveCfg = Debug|Any CPU
		{A3BA9044-7E52-428D-83AC-EED6576E99DE}.Debug|iPhoneSimulator.Build.0 = Debug|Any CPU
		{A3BA9044-7E52-428D-83AC-EED6576E99DE}.Debug|x64.ActiveCfg = Debug|Any CPU
		{A3BA9044-7E52-428D-83AC-EED6576E99DE}.Debug|x64.Build.0 = Debug|Any CPU
		{A3BA9044-7E52-428D-83AC-EED6576E99DE}.Debug|x86.ActiveCfg = Debug|Any CPU
		{A3BA9044-7E52-428D-83AC-EED6576E99DE}.Debug|x86.Build.0 = Debug|Any CPU
		{A3BA9044-7E52-428D-83AC-EED6576E99DE}.Release|Any CPU.ActiveCfg = Release|Any CPU
		{A3BA9044-7E52-428D-83AC-EED6576E99DE}.Release|Any CPU.Build.0 = Release|Any CPU
		{A3BA9044-7E52-428D-83AC-EED6576E99DE}.Release|ARM.ActiveCfg = Release|Any CPU
		{A3BA9044-7E52-428D-83AC-EED6576E99DE}.Release|ARM.Build.0 = Release|Any CPU
		{A3BA9044-7E52-428D-83AC-EED6576E99DE}.Release|iPhone.ActiveCfg = Release|Any CPU
		{A3BA9044-7E52-428D-83AC-EED6576E99DE}.Release|iPhone.Build.0 = Release|Any CPU
		{A3BA9044-7E52-428D-83AC-EED6576E99DE}.Release|iPhoneSimulator.ActiveCfg = Release|Any CPU
		{A3BA9044-7E52-428D-83AC-EED6576E99DE}.Release|iPhoneSimulator.Build.0 = Release|Any CPU
		{A3BA9044-7E52-428D-83AC-EED6576E99DE}.Release|x64.ActiveCfg = Release|Any CPU
		{A3BA9044-7E52-428D-83AC-EED6576E99DE}.Release|x64.Build.0 = Release|Any CPU
		{A3BA9044-7E52-428D-83AC-EED6576E99DE}.Release|x86.ActiveCfg = Release|Any CPU
		{A3BA9044-7E52-428D-83AC-EED6576E99DE}.Release|x86.Build.0 = Release|Any CPU
	EndGlobalSection
	GlobalSection(SolutionProperties) = preSolution
		HideSolutionNode = FALSE
	EndGlobalSection
	GlobalSection(NestedProjects) = preSolution
		{9B7B8A47-6C0B-40DD-BD2D-DA8F369A6606} = {249F810B-7B75-4C0F-B56C-EAF4144F470E}
		{5362C08C-C755-46F5-9389-573A14AE2089} = {DBCF345A-1882-49AF-B320-C7C50CBECDEC}
		{CAE88B37-C910-424E-8743-AF811FA395E8} = {DBCF345A-1882-49AF-B320-C7C50CBECDEC}
		{4A460537-DBEF-4744-9510-9D43FFF454FE} = {DBCF345A-1882-49AF-B320-C7C50CBECDEC}
		{A3BA9044-7E52-428D-83AC-EED6576E99DE} = {DBCF345A-1882-49AF-B320-C7C50CBECDEC}
	EndGlobalSection
	GlobalSection(ExtensibilityGlobals) = postSolution
		SolutionGuid = {7E11B1A8-605A-4E4F-ACA1-67709C036EAB}
	EndGlobalSection
EndGlobal
